// !$*UTF8*$!
{
	archiveVersion = 1;
	classes = {
	};
	objectVersion = 45;
	objects = {

/* Begin PBXBuildFile section */
		8D202CEA0486D31800D8A456 /* ipfwPane_Prefix.pch in Headers */ = {isa = PBXBuildFile; fileRef = 32DBCFA20370C41700C91783 /* ipfwPane_Prefix.pch */; };
		8D202CED0486D31800D8A456 /* InfoPlist.strings in Resources */ = {isa = PBXBuildFile; fileRef = 089C167DFE841241C02AAC07 /* InfoPlist.strings */; };
		8D202CEF0486D31800D8A456 /* ipfwPanePref.xib in Resources */ = {isa = PBXBuildFile; fileRef = F506C042013D9D8C01CA16C8 /* ipfwPanePref.xib */; };
		8D202CF30486D31800D8A456 /* Cocoa.framework in Frameworks */ = {isa = PBXBuildFile; fileRef = 1058C7ADFEA557BF11CA2CBB /* Cocoa.framework */; };
		8D202CF40486D31800D8A456 /* PreferencePanes.framework in Frameworks */ = {isa = PBXBuildFile; fileRef = F506C035013D953901CA16C8 /* PreferencePanes.framework */; };
		E50B460A0E852E91002830D7 /* FWTableController.h in Headers */ = {isa = PBXBuildFile; fileRef = E50B46080E852E91002830D7 /* FWTableController.h */; };
		E50B460B0E852E91002830D7 /* FWTableController.m in Sources */ = {isa = PBXBuildFile; fileRef = E50B46090E852E91002830D7 /* FWTableController.m */; };
		E569A6B60E850B17001ED27B /* FWPrefPane.h in Headers */ = {isa = PBXBuildFile; fileRef = E569A6B40E850B17001ED27B /* FWPrefPane.h */; };
		E569A6B70E850B17001ED27B /* FWPrefPane.m in Sources */ = {isa = PBXBuildFile; fileRef = E569A6B50E850B17001ED27B /* FWPrefPane.m */; };
		E569A6BC0E850CF6001ED27B /* ipfwPanePref.png in Resources */ = {isa = PBXBuildFile; fileRef = E569A6BB0E850CF6001ED27B /* ipfwPanePref.png */; };
		E58EA3E10E8F1B36000FBD79 /* DefaultRules.plist in Resources */ = {isa = PBXBuildFile; fileRef = E58EA3E00E8F1B36000FBD79 /* DefaultRules.plist */; };
		E58EA4860E901A76000FBD79 /* FWRule.h in Headers */ = {isa = PBXBuildFile; fileRef = E58EA4840E901A76000FBD79 /* FWRule.h */; };
		E58EA4870E901A76000FBD79 /* FWRule.m in Sources */ = {isa = PBXBuildFile; fileRef = E58EA4850E901A76000FBD79 /* FWRule.m */; };
		E5E02EA90E856935003663D0 /* SecurityInterface.framework in Frameworks */ = {isa = PBXBuildFile; fileRef = E5E02EA80E856935003663D0 /* SecurityInterface.framework */; };
		E5E02F1C0E858A84003663D0 /* FWipfwModel.h in Headers */ = {isa = PBXBuildFile; fileRef = E5E02F1A0E858A84003663D0 /* FWipfwModel.h */; };
		E5E02F1D0E858A84003663D0 /* FWipfwModel.mm in Sources */ = {isa = PBXBuildFile; fileRef = E5E02F1B0E858A84003663D0 /* FWipfwModel.mm */; };
		E5E02FC20E85B359003663D0 /* FWSheetController.h in Headers */ = {isa = PBXBuildFile; fileRef = E5E02FC00E85B359003663D0 /* FWSheetController.h */; };
		E5E02FC30E85B359003663D0 /* FWSheetController.m in Sources */ = {isa = PBXBuildFile; fileRef = E5E02FC10E85B359003663D0 /* FWSheetController.m */; };
/* End PBXBuildFile section */

/* Begin PBXFileReference section */
		089C1672FE841209C02AAC07 /* Foundation.framework */ = {isa = PBXFileReference; lastKnownFileType = wrapper.framework; name = Foundation.framework; path = /System/Library/Frameworks/Foundation.framework; sourceTree = "<absolute>"; };
		089C167EFE841241C02AAC07 /* English */ = {isa = PBXFileReference; fileEncoding = 10; lastKnownFileType = text.plist.strings; name = English; path = English.lproj/InfoPlist.strings; sourceTree = "<group>"; };
		089C167FFE841241C02AAC07 /* AppKit.framework */ = {isa = PBXFileReference; lastKnownFileType = wrapper.framework; name = AppKit.framework; path = /System/Library/Frameworks/AppKit.framework; sourceTree = "<absolute>"; };
		1058C7ADFEA557BF11CA2CBB /* Cocoa.framework */ = {isa = PBXFileReference; lastKnownFileType = wrapper.framework; name = Cocoa.framework; path = /System/Library/Frameworks/Cocoa.framework; sourceTree = "<absolute>"; };
		32DBCFA20370C41700C91783 /* ipfwPane_Prefix.pch */ = {isa = PBXFileReference; fileEncoding = 4; lastKnownFileType = sourcecode.c.h; path = ipfwPane_Prefix.pch; sourceTree = "<group>"; };
		8D202CF70486D31800D8A456 /* Info.plist */ = {isa = PBXFileReference; fileEncoding = 4; lastKnownFileType = text.plist; path = Info.plist; sourceTree = "<group>"; };
		8D202CF80486D31800D8A456 /* ipfwPane.prefPane */ = {isa = PBXFileReference; explicitFileType = wrapper.cfbundle; includeInIndex = 0; path = ipfwPane.prefPane; sourceTree = BUILT_PRODUCTS_DIR; };
		E50B46080E852E91002830D7 /* FWTableController.h */ = {isa = PBXFileReference; fileEncoding = 4; lastKnownFileType = sourcecode.c.h; path = FWTableController.h; sourceTree = SOURCE_ROOT; };
		E50B46090E852E91002830D7 /* FWTableController.m */ = {isa = PBXFileReference; fileEncoding = 4; lastKnownFileType = sourcecode.c.objc; path = FWTableController.m; sourceTree = SOURCE_ROOT; };
		E569A6B40E850B17001ED27B /* FWPrefPane.h */ = {isa = PBXFileReference; fileEncoding = 4; lastKnownFileType = sourcecode.c.h; path = FWPrefPane.h; sourceTree = SOURCE_ROOT; };
		E569A6B50E850B17001ED27B /* FWPrefPane.m */ = {isa = PBXFileReference; fileEncoding = 4; lastKnownFileType = sourcecode.c.objc; path = FWPrefPane.m; sourceTree = SOURCE_ROOT; };
		E569A6BB0E850CF6001ED27B /* ipfwPanePref.png */ = {isa = PBXFileReference; lastKnownFileType = image.png; path = ipfwPanePref.png; sourceTree = SOURCE_ROOT; };
		E58EA3E00E8F1B36000FBD79 /* DefaultRules.plist */ = {isa = PBXFileReference; lastKnownFileType = file.bplist; path = DefaultRules.plist; sourceTree = SOURCE_ROOT; };
		E58EA4840E901A76000FBD79 /* FWRule.h */ = {isa = PBXFileReference; fileEncoding = 4; lastKnownFileType = sourcecode.c.h; path = FWRule.h; sourceTree = "<group>"; };
		E58EA4850E901A76000FBD79 /* FWRule.m */ = {isa = PBXFileReference; fileEncoding = 4; lastKnownFileType = sourcecode.c.objc; path = FWRule.m; sourceTree = "<group>"; };
		E5E02EA80E856935003663D0 /* SecurityInterface.framework */ = {isa = PBXFileReference; lastKnownFileType = wrapper.framework; name = SecurityInterface.framework; path = System/Library/Frameworks/SecurityInterface.framework; sourceTree = SDKROOT; };
		E5E02F1A0E858A84003663D0 /* FWipfwModel.h */ = {isa = PBXFileReference; fileEncoding = 4; lastKnownFileType = sourcecode.c.h; path = FWipfwModel.h; sourceTree = "<group>"; };
		E5E02F1B0E858A84003663D0 /* FWipfwModel.mm */ = {isa = PBXFileReference; fileEncoding = 4; lastKnownFileType = sourcecode.cpp.objcpp; path = FWipfwModel.mm; sourceTree = "<group>"; };
		E5E02FC00E85B359003663D0 /* FWSheetController.h */ = {isa = PBXFileReference; fileEncoding = 4; lastKnownFileType = sourcecode.c.h; path = FWSheetController.h; sourceTree = "<group>"; };
		E5E02FC10E85B359003663D0 /* FWSheetController.m */ = {isa = PBXFileReference; fileEncoding = 4; lastKnownFileType = sourcecode.c.objc; path = FWSheetController.m; sourceTree = "<group>"; };
		F506C035013D953901CA16C8 /* PreferencePanes.framework */ = {isa = PBXFileReference; lastKnownFileType = wrapper.framework; name = PreferencePanes.framework; path = /System/Library/Frameworks/PreferencePanes.framework; sourceTree = "<absolute>"; };
		F506C043013D9D8C01CA16C8 /* English */ = {isa = PBXFileReference; lastKnownFileType = file.xib; name = English; path = English.lproj/ipfwPanePref.xib; sourceTree = "<group>"; };
/* End PBXFileReference section */

/* Begin PBXFrameworksBuildPhase section */
		8D202CF20486D31800D8A456 /* Frameworks */ = {
			isa = PBXFrameworksBuildPhase;
			buildActionMask = 2147483647;
			files = (
				8D202CF30486D31800D8A456 /* Cocoa.framework in Frameworks */,
				8D202CF40486D31800D8A456 /* PreferencePanes.framework in Frameworks */,
				E5E02EA90E856935003663D0 /* SecurityInterface.framework in Frameworks */,
			);
			runOnlyForDeploymentPostprocessing = 0;
		};
/* End PBXFrameworksBuildPhase section */

/* Begin PBXGroup section */
		089C166AFE841209C02AAC07 /* ipfwPane */ = {
			isa = PBXGroup;
			children = (
				32DBCFA10370C40200C91783 /* Source */,
				089C167CFE841241C02AAC07 /* Resources */,
				089C1671FE841209C02AAC07 /* Frameworks and Libraries */,
				19C28FB8FE9D52D311CA2CBB /* Products */,
			);
			name = ipfwPane;
			sourceTree = "<group>";
		};
		089C1671FE841209C02AAC07 /* Frameworks and Libraries */ = {
			isa = PBXGroup;
			children = (
				E5E02EA80E856935003663D0 /* SecurityInterface.framework */,
				1058C7ACFEA557BF11CA2CBB /* Linked Frameworks */,
				1058C7AEFEA557BF11CA2CBB /* Other Frameworks */,
			);
			name = "Frameworks and Libraries";
			sourceTree = "<group>";
		};
		089C167CFE841241C02AAC07 /* Resources */ = {
			isa = PBXGroup;
			children = (
				E58EA3E00E8F1B36000FBD79 /* DefaultRules.plist */,
				E569A6BB0E850CF6001ED27B /* ipfwPanePref.png */,
				8D202CF70486D31800D8A456 /* Info.plist */,
				089C167DFE841241C02AAC07 /* InfoPlist.strings */,
				F506C042013D9D8C01CA16C8 /* ipfwPanePref.xib */,
			);
			name = Resources;
			sourceTree = "<group>";
		};
		1058C7ACFEA557BF11CA2CBB /* Linked Frameworks */ = {
			isa = PBXGroup;
			children = (
				1058C7ADFEA557BF11CA2CBB /* Cocoa.framework */,
				F506C035013D953901CA16C8 /* PreferencePanes.framework */,
			);
			name = "Linked Frameworks";
			sourceTree = "<group>";
		};
		1058C7AEFEA557BF11CA2CBB /* Other Frameworks */ = {
			isa = PBXGroup;
			children = (
				089C1672FE841209C02AAC07 /* Foundation.framework */,
				089C167FFE841241C02AAC07 /* AppKit.framework */,
			);
			name = "Other Frameworks";
			sourceTree = "<group>";
		};
		19C28FB8FE9D52D311CA2CBB /* Products */ = {
			isa = PBXGroup;
			children = (
				8D202CF80486D31800D8A456 /* ipfwPane.prefPane */,
			);
			name = Products;
			sourceTree = "<group>";
		};
		32DBCFA10370C40200C91783 /* Source */ = {
			isa = PBXGroup;
			children = (
				E58EA4840E901A76000FBD79 /* FWRule.h */,
				E58EA4850E901A76000FBD79 /* FWRule.m */,
				E5E02FC00E85B359003663D0 /* FWSheetController.h */,
				E5E02FC10E85B359003663D0 /* FWSheetController.m */,
				E5E02F1A0E858A84003663D0 /* FWipfwModel.h */,
				E5E02F1B0E858A84003663D0 /* FWipfwModel.mm */,
				E50B46080E852E91002830D7 /* FWTableController.h */,
				E50B46090E852E91002830D7 /* FWTableController.m */,
				E569A6B40E850B17001ED27B /* FWPrefPane.h */,
				E569A6B50E850B17001ED27B /* FWPrefPane.m */,
				32DBCFA20370C41700C91783 /* ipfwPane_Prefix.pch */,
			);
			name = Source;
			sourceTree = "<group>";
		};
/* End PBXGroup section */

/* Begin PBXHeadersBuildPhase section */
		8D202CE90486D31800D8A456 /* Headers */ = {
			isa = PBXHeadersBuildPhase;
			buildActionMask = 2147483647;
			files = (
				8D202CEA0486D31800D8A456 /* ipfwPane_Prefix.pch in Headers */,
				E569A6B60E850B17001ED27B /* FWPrefPane.h in Headers */,
				E50B460A0E852E91002830D7 /* FWTableController.h in Headers */,
				E5E02F1C0E858A84003663D0 /* FWipfwModel.h in Headers */,
				E5E02FC20E85B359003663D0 /* FWSheetController.h in Headers */,
				E58EA4860E901A76000FBD79 /* FWRule.h in Headers */,
			);
			runOnlyForDeploymentPostprocessing = 0;
		};
/* End PBXHeadersBuildPhase section */

/* Begin PBXNativeTarget section */
		8D202CE80486D31800D8A456 /* ipfwPane */ = {
			isa = PBXNativeTarget;
			buildConfigurationList = 1DBD214808BA80EA00186707 /* Build configuration list for PBXNativeTarget "ipfwPane" */;
			buildPhases = (
				E58EA3B70E8F0CC2000FBD79 /* Generate Info.plist */,
				8D202CE90486D31800D8A456 /* Headers */,
				8D202CEC0486D31800D8A456 /* Resources */,
				8D202CF00486D31800D8A456 /* Sources */,
				8D202CF20486D31800D8A456 /* Frameworks */,
				8D202CF50486D31800D8A456 /* Rez */,
			);
			buildRules = (
			);
			dependencies = (
			);
			name = ipfwPane;
			productInstallPath = "$(HOME)/Library/PreferencePanes";
			productName = ipfwPane;
			productReference = 8D202CF80486D31800D8A456 /* ipfwPane.prefPane */;
			productType = "com.apple.product-type.bundle";
		};
/* End PBXNativeTarget section */

/* Begin PBXProject section */
		089C1669FE841209C02AAC07 /* Project object */ = {
			isa = PBXProject;
			attributes = {
				BuildIndependentTargetsInParallel = YES;
			};
			buildConfigurationList = 1DBD214C08BA80EA00186707 /* Build configuration list for PBXProject "ipfwPane" */;
			compatibilityVersion = "Xcode 3.1";
			hasScannedForEncodings = 1;
			mainGroup = 089C166AFE841209C02AAC07 /* ipfwPane */;
			projectDirPath = "";
			projectRoot = "";
			targets = (
				8D202CE80486D31800D8A456 /* ipfwPane */,
			);
		};
/* End PBXProject section */

/* Begin PBXResourcesBuildPhase section */
		8D202CEC0486D31800D8A456 /* Resources */ = {
			isa = PBXResourcesBuildPhase;
			buildActionMask = 2147483647;
			files = (
				8D202CED0486D31800D8A456 /* InfoPlist.strings in Resources */,
				8D202CEF0486D31800D8A456 /* ipfwPanePref.xib in Resources */,
				E569A6BC0E850CF6001ED27B /* ipfwPanePref.png in Resources */,
				E58EA3E10E8F1B36000FBD79 /* DefaultRules.plist in Resources */,
			);
			runOnlyForDeploymentPostprocessing = 0;
		};
/* End PBXResourcesBuildPhase section */

/* Begin PBXRezBuildPhase section */
		8D202CF50486D31800D8A456 /* Rez */ = {
			isa = PBXRezBuildPhase;
			buildActionMask = 2147483647;
			files = (
			);
			runOnlyForDeploymentPostprocessing = 0;
		};
/* End PBXRezBuildPhase section */

/* Begin PBXShellScriptBuildPhase section */
		E58EA3B70E8F0CC2000FBD79 /* Generate Info.plist */ = {
			isa = PBXShellScriptBuildPhase;
			buildActionMask = 2147483647;
			files = (
			);
			inputPaths = (
			);
			name = "Generate Info.plist";
			outputPaths = (
			);
			runOnlyForDeploymentPostprocessing = 0;
			shellPath = /bin/sh;
			shellScript = "ruby generate_info_plist.rb > Info.plist";
		};
/* End PBXShellScriptBuildPhase section */

/* Begin PBXSourcesBuildPhase section */
		8D202CF00486D31800D8A456 /* Sources */ = {
			isa = PBXSourcesBuildPhase;
			buildActionMask = 2147483647;
			files = (
				E569A6B70E850B17001ED27B /* FWPrefPane.m in Sources */,
				E50B460B0E852E91002830D7 /* FWTableController.m in Sources */,
				E5E02F1D0E858A84003663D0 /* FWipfwModel.mm in Sources */,
				E5E02FC30E85B359003663D0 /* FWSheetController.m in Sources */,
				E58EA4870E901A76000FBD79 /* FWRule.m in Sources */,
			);
			runOnlyForDeploymentPostprocessing = 0;
		};
/* End PBXSourcesBuildPhase section */

/* Begin PBXVariantGroup section */
		089C167DFE841241C02AAC07 /* InfoPlist.strings */ = {
			isa = PBXVariantGroup;
			children = (
				089C167EFE841241C02AAC07 /* English */,
			);
			name = InfoPlist.strings;
			sourceTree = "<group>";
		};
		F506C042013D9D8C01CA16C8 /* ipfwPanePref.xib */ = {
			isa = PBXVariantGroup;
			children = (
				F506C043013D9D8C01CA16C8 /* English */,
			);
			name = ipfwPanePref.xib;
			sourceTree = "<group>";
		};
/* End PBXVariantGroup section */

/* Begin XCBuildConfiguration section */
		1DBD214908BA80EA00186707 /* Debug */ = {
			isa = XCBuildConfiguration;
			buildSettings = {
				COPY_PHASE_STRIP = NO;
				GCC_DYNAMIC_NO_PIC = NO;
				GCC_ENABLE_FIX_AND_CONTINUE = YES;
				GCC_MODEL_TUNING = G5;
				GCC_OPTIMIZATION_LEVEL = 0;
				GCC_PRECOMPILE_PREFIX_HEADER = YES;
				GCC_PREFIX_HEADER = ipfwPane_Prefix.pch;
				INFOPLIST_FILE = Info.plist;
				INSTALL_PATH = "$(HOME)/Library/PreferencePanes";
				PRODUCT_NAME = ipfwPane;
				WRAPPER_EXTENSION = prefPane;
				ZERO_LINK = YES;
			};
			name = Debug;
		};
		1DBD214A08BA80EA00186707 /* Release */ = {
			isa = XCBuildConfiguration;
			buildSettings = {
				DEBUG_INFORMATION_FORMAT = "dwarf-with-dsym";
				GCC_MODEL_TUNING = G5;
				GCC_PRECOMPILE_PREFIX_HEADER = YES;
				GCC_PREFIX_HEADER = ipfwPane_Prefix.pch;
				INFOPLIST_FILE = Info.plist;
				INSTALL_PATH = "$(HOME)/Library/PreferencePanes";
				PRODUCT_NAME = ipfwPane;
				WRAPPER_EXTENSION = prefPane;
			};
			name = Release;
		};
		1DBD214D08BA80EA00186707 /* Debug */ = {
			isa = XCBuildConfiguration;
			buildSettings = {
				ARCHS = "$(ARCHS_STANDARD_32_BIT)";
				GCC_C_LANGUAGE_STANDARD = c99;
				GCC_WARN_ABOUT_RETURN_TYPE = YES;
				GCC_WARN_UNUSED_VARIABLE = YES;
				ONLY_ACTIVE_ARCH = YES;
				PREBINDING = NO;
				SDKROOT = macosx10.5;
				WARNING_CFLAGS = "-Wall";
			};
			name = Debug;
		};
		1DBD214E08BA80EA00186707 /* Release */ = {
			isa = XCBuildConfiguration;
			buildSettings = {
				ARCHS = "$(ARCHS_STANDARD_32_BIT)";
				GCC_C_LANGUAGE_STANDARD = c99;
				GCC_WARN_ABOUT_RETURN_TYPE = YES;
				GCC_WARN_UNUSED_VARIABLE = YES;
				PREBINDING = NO;
				SDKROOT = macosx10.5;
				WARNING_CFLAGS = "-Wall";
			};
			name = Release;
		};
/* End XCBuildConfiguration section */

/* Begin XCConfigurationList section */
		1DBD214808BA80EA00186707 /* Build configuration list for PBXNativeTarget "ipfwPane" */ = {
			isa = XCConfigurationList;
			buildConfigurations = (
				1DBD214908BA80EA00186707 /* Debug */,
				1DBD214A08BA80EA00186707 /* Release */,
			);
			defaultConfigurationIsVisible = 0;
			defaultConfigurationName = Release;
		};
		1DBD214C08BA80EA00186707 /* Build configuration list for PBXProject "ipfwPane" */ = {
			isa = XCConfigurationList;
			buildConfigurations = (
				1DBD214D08BA80EA00186707 /* Debug */,
				1DBD214E08BA80EA00186707 /* Release */,
			);
			defaultConfigurationIsVisible = 0;
			defaultConfigurationName = Release;
		};
/* End XCConfigurationList section */
	};
	rootObject = 089C1669FE841209C02AAC07 /* Project object */;
}
