// !$*UTF8*$!
{
	archiveVersion = 1;
	classes = {
	};
	objectVersion = 45;
	objects = {

/* Begin PBXBuildFile section */
		8D202CF30486D31800D8A456 /* Cocoa.framework in Frameworks */ = {isa = PBXBuildFile; fileRef = 1058C7ADFEA557BF11CA2CBB /* Cocoa.framework */; };
		8D202CF40486D31800D8A456 /* PreferencePanes.framework in Frameworks */ = {isa = PBXBuildFile; fileRef = F506C035013D953901CA16C8 /* PreferencePanes.framework */; };
		E531F4E60E94CDFA0025A206 /* DefaultRules.plist in Resources */ = {isa = PBXBuildFile; fileRef = E531F4E40E94CDFA0025A206 /* DefaultRules.plist */; };
		E531F4E70E94CDFA0025A206 /* ipfwPanePref.png in Resources */ = {isa = PBXBuildFile; fileRef = E531F4E50E94CDFA0025A206 /* ipfwPanePref.png */; };
		E531F5670E9629EF0025A206 /* InfoPlist.strings in Resources */ = {isa = PBXBuildFile; fileRef = E531F5630E9629EF0025A206 /* InfoPlist.strings */; };
		E531F5680E9629EF0025A206 /* ipfwPanePref.xib in Resources */ = {isa = PBXBuildFile; fileRef = E531F5650E9629EF0025A206 /* ipfwPanePref.xib */; };
		E531F5890E962F270025A206 /* FWRootRunner.h in Headers */ = {isa = PBXBuildFile; fileRef = E531F5870E962F270025A206 /* FWRootRunner.h */; };
		E531F58A0E962F270025A206 /* FWRootRunner.m in Sources */ = {isa = PBXBuildFile; fileRef = E531F5880E962F270025A206 /* FWRootRunner.m */; };
		E531F64C0E96D4F70025A206 /* FWConfigHandler.h in Headers */ = {isa = PBXBuildFile; fileRef = E531F64A0E96D4F70025A206 /* FWConfigHandler.h */; };
		E531F64D0E96D4F70025A206 /* FWConfigHandler.mm in Sources */ = {isa = PBXBuildFile; fileRef = E531F64B0E96D4F70025A206 /* FWConfigHandler.mm */; };
		E58EA5930E913718000FBD79 /* Security.framework in Frameworks */ = {isa = PBXBuildFile; fileRef = E58EA5920E913718000FBD79 /* Security.framework */; };
		E58EA6B40E923A69000FBD79 /* DebugFU.h in Headers */ = {isa = PBXBuildFile; fileRef = E58EA6A80E923A69000FBD79 /* DebugFU.h */; };
		E58EA6B50E923A69000FBD79 /* FWipfwModel.h in Headers */ = {isa = PBXBuildFile; fileRef = E58EA6A90E923A69000FBD79 /* FWipfwModel.h */; };
		E58EA6B60E923A69000FBD79 /* FWipfwModel.mm in Sources */ = {isa = PBXBuildFile; fileRef = E58EA6AA0E923A69000FBD79 /* FWipfwModel.mm */; };
		E58EA6B70E923A69000FBD79 /* FWPrefPane.h in Headers */ = {isa = PBXBuildFile; fileRef = E58EA6AB0E923A69000FBD79 /* FWPrefPane.h */; };
		E58EA6B80E923A69000FBD79 /* FWPrefPane.m in Sources */ = {isa = PBXBuildFile; fileRef = E58EA6AC0E923A69000FBD79 /* FWPrefPane.m */; };
		E58EA6B90E923A69000FBD79 /* FWRule.h in Headers */ = {isa = PBXBuildFile; fileRef = E58EA6AD0E923A69000FBD79 /* FWRule.h */; };
		E58EA6BA0E923A69000FBD79 /* FWRule.m in Sources */ = {isa = PBXBuildFile; fileRef = E58EA6AE0E923A69000FBD79 /* FWRule.m */; };
		E58EA6BB0E923A69000FBD79 /* FWSheetController.h in Headers */ = {isa = PBXBuildFile; fileRef = E58EA6AF0E923A69000FBD79 /* FWSheetController.h */; };
		E58EA6BC0E923A69000FBD79 /* FWSheetController.m in Sources */ = {isa = PBXBuildFile; fileRef = E58EA6B00E923A69000FBD79 /* FWSheetController.m */; };
		E58EA6BD0E923A69000FBD79 /* FWTableController.h in Headers */ = {isa = PBXBuildFile; fileRef = E58EA6B10E923A69000FBD79 /* FWTableController.h */; };
		E58EA6BE0E923A69000FBD79 /* FWTableController.m in Sources */ = {isa = PBXBuildFile; fileRef = E58EA6B20E923A69000FBD79 /* FWTableController.m */; };
		E58EA6BF0E923A69000FBD79 /* ipfwPane_Prefix.pch in Headers */ = {isa = PBXBuildFile; fileRef = E58EA6B30E923A69000FBD79 /* ipfwPane_Prefix.pch */; };
		E5E02EA90E856935003663D0 /* SecurityInterface.framework in Frameworks */ = {isa = PBXBuildFile; fileRef = E5E02EA80E856935003663D0 /* SecurityInterface.framework */; };
/* End PBXBuildFile section */

/* Begin PBXFileReference section */
		089C1672FE841209C02AAC07 /* Foundation.framework */ = {isa = PBXFileReference; lastKnownFileType = wrapper.framework; name = Foundation.framework; path = /System/Library/Frameworks/Foundation.framework; sourceTree = "<absolute>"; };
		089C167FFE841241C02AAC07 /* AppKit.framework */ = {isa = PBXFileReference; lastKnownFileType = wrapper.framework; name = AppKit.framework; path = /System/Library/Frameworks/AppKit.framework; sourceTree = "<absolute>"; };
		1058C7ADFEA557BF11CA2CBB /* Cocoa.framework */ = {isa = PBXFileReference; lastKnownFileType = wrapper.framework; name = Cocoa.framework; path = /System/Library/Frameworks/Cocoa.framework; sourceTree = "<absolute>"; };
		8D202CF80486D31800D8A456 /* ipfwPane.prefPane */ = {isa = PBXFileReference; explicitFileType = wrapper.cfbundle; includeInIndex = 0; path = ipfwPane.prefPane; sourceTree = BUILT_PRODUCTS_DIR; };
		E531F4E40E94CDFA0025A206 /* DefaultRules.plist */ = {isa = PBXFileReference; fileEncoding = 4; lastKnownFileType = text.plist.xml; name = DefaultRules.plist; path = Resources/DefaultRules.plist; sourceTree = SOURCE_ROOT; };
		E531F4E50E94CDFA0025A206 /* ipfwPanePref.png */ = {isa = PBXFileReference; lastKnownFileType = image.png; name = ipfwPanePref.png; path = Resources/ipfwPanePref.png; sourceTree = SOURCE_ROOT; };
		E531F4ED0E94CE340025A206 /* Info.plist */ = {isa = PBXFileReference; fileEncoding = 4; lastKnownFileType = text.plist.xml; name = Info.plist; path = Resources/Info.plist; sourceTree = SOURCE_ROOT; };
		E531F5640E9629EF0025A206 /* English */ = {isa = PBXFileReference; fileEncoding = 4; lastKnownFileType = text.plist.strings; name = English; path = Resources/English.lproj/InfoPlist.strings; sourceTree = "<group>"; };
		E531F5660E9629EF0025A206 /* English */ = {isa = PBXFileReference; lastKnownFileType = file.xib; name = English; path = Resources/English.lproj/ipfwPanePref.xib; sourceTree = "<group>"; };
		E531F5870E962F270025A206 /* FWRootRunner.h */ = {isa = PBXFileReference; fileEncoding = 4; lastKnownFileType = sourcecode.c.h; name = FWRootRunner.h; path = Source/FWRootRunner.h; sourceTree = "<group>"; };
		E531F5880E962F270025A206 /* FWRootRunner.m */ = {isa = PBXFileReference; fileEncoding = 4; lastKnownFileType = sourcecode.c.objc; name = FWRootRunner.m; path = Source/FWRootRunner.m; sourceTree = "<group>"; };
		E531F64A0E96D4F70025A206 /* FWConfigHandler.h */ = {isa = PBXFileReference; fileEncoding = 4; lastKnownFileType = sourcecode.c.h; name = FWConfigHandler.h; path = Source/FWConfigHandler.h; sourceTree = SOURCE_ROOT; };
		E531F64B0E96D4F70025A206 /* FWConfigHandler.mm */ = {isa = PBXFileReference; fileEncoding = 4; lastKnownFileType = sourcecode.cpp.objcpp; name = FWConfigHandler.mm; path = Source/FWConfigHandler.mm; sourceTree = SOURCE_ROOT; };
		E58EA5920E913718000FBD79 /* Security.framework */ = {isa = PBXFileReference; lastKnownFileType = wrapper.framework; name = Security.framework; path = System/Library/Frameworks/Security.framework; sourceTree = SDKROOT; };
		E58EA6A80E923A69000FBD79 /* DebugFU.h */ = {isa = PBXFileReference; fileEncoding = 4; lastKnownFileType = sourcecode.c.h; name = DebugFU.h; path = Source/DebugFU.h; sourceTree = SOURCE_ROOT; };
		E58EA6A90E923A69000FBD79 /* FWipfwModel.h */ = {isa = PBXFileReference; fileEncoding = 4; lastKnownFileType = sourcecode.c.h; name = FWipfwModel.h; path = Source/FWipfwModel.h; sourceTree = SOURCE_ROOT; };
		E58EA6AA0E923A69000FBD79 /* FWipfwModel.mm */ = {isa = PBXFileReference; fileEncoding = 4; lastKnownFileType = sourcecode.cpp.objcpp; name = FWipfwModel.mm; path = Source/FWipfwModel.mm; sourceTree = SOURCE_ROOT; };
		E58EA6AB0E923A69000FBD79 /* FWPrefPane.h */ = {isa = PBXFileReference; fileEncoding = 4; lastKnownFileType = sourcecode.c.h; name = FWPrefPane.h; path = Source/FWPrefPane.h; sourceTree = SOURCE_ROOT; };
		E58EA6AC0E923A69000FBD79 /* FWPrefPane.m */ = {isa = PBXFileReference; fileEncoding = 4; lastKnownFileType = sourcecode.c.objc; name = FWPrefPane.m; path = Source/FWPrefPane.m; sourceTree = SOURCE_ROOT; };
		E58EA6AD0E923A69000FBD79 /* FWRule.h */ = {isa = PBXFileReference; fileEncoding = 4; lastKnownFileType = sourcecode.c.h; name = FWRule.h; path = Source/FWRule.h; sourceTree = SOURCE_ROOT; };
		E58EA6AE0E923A69000FBD79 /* FWRule.m */ = {isa = PBXFileReference; fileEncoding = 4; lastKnownFileType = sourcecode.c.objc; name = FWRule.m; path = Source/FWRule.m; sourceTree = SOURCE_ROOT; };
		E58EA6AF0E923A69000FBD79 /* FWSheetController.h */ = {isa = PBXFileReference; fileEncoding = 4; lastKnownFileType = sourcecode.c.h; name = FWSheetController.h; path = Source/FWSheetController.h; sourceTree = SOURCE_ROOT; };
		E58EA6B00E923A69000FBD79 /* FWSheetController.m */ = {isa = PBXFileReference; fileEncoding = 4; lastKnownFileType = sourcecode.c.objc; name = FWSheetController.m; path = Source/FWSheetController.m; sourceTree = SOURCE_ROOT; };
		E58EA6B10E923A69000FBD79 /* FWTableController.h */ = {isa = PBXFileReference; fileEncoding = 4; lastKnownFileType = sourcecode.c.h; name = FWTableController.h; path = Source/FWTableController.h; sourceTree = SOURCE_ROOT; };
		E58EA6B20E923A69000FBD79 /* FWTableController.m */ = {isa = PBXFileReference; fileEncoding = 4; lastKnownFileType = sourcecode.c.objc; name = FWTableController.m; path = Source/FWTableController.m; sourceTree = SOURCE_ROOT; };
		E58EA6B30E923A69000FBD79 /* ipfwPane_Prefix.pch */ = {isa = PBXFileReference; fileEncoding = 4; lastKnownFileType = sourcecode.c.h; name = ipfwPane_Prefix.pch; path = Source/ipfwPane_Prefix.pch; sourceTree = SOURCE_ROOT; };
		E5E02EA80E856935003663D0 /* SecurityInterface.framework */ = {isa = PBXFileReference; lastKnownFileType = wrapper.framework; name = SecurityInterface.framework; path = System/Library/Frameworks/SecurityInterface.framework; sourceTree = SDKROOT; };
		F506C035013D953901CA16C8 /* PreferencePanes.framework */ = {isa = PBXFileReference; lastKnownFileType = wrapper.framework; name = PreferencePanes.framework; path = /System/Library/Frameworks/PreferencePanes.framework; sourceTree = "<absolute>"; };
/* End PBXFileReference section */

/* Begin PBXFrameworksBuildPhase section */
		8D202CF20486D31800D8A456 /* Frameworks */ = {
			isa = PBXFrameworksBuildPhase;
			buildActionMask = 2147483647;
			files = (
				8D202CF30486D31800D8A456 /* Cocoa.framework in Frameworks */,
				8D202CF40486D31800D8A456 /* PreferencePanes.framework in Frameworks */,
				E5E02EA90E856935003663D0 /* SecurityInterface.framework in Frameworks */,
				E58EA5930E913718000FBD79 /* Security.framework in Frameworks */,
			);
			runOnlyForDeploymentPostprocessing = 0;
		};
/* End PBXFrameworksBuildPhase section */

/* Begin PBXGroup section */
		089C166AFE841209C02AAC07 /* ipfwPane */ = {
			isa = PBXGroup;
			children = (
				32DBCFA10370C40200C91783 /* Source */,
				089C167CFE841241C02AAC07 /* Resources */,
				089C1671FE841209C02AAC07 /* Frameworks and Libraries */,
				19C28FB8FE9D52D311CA2CBB /* Products */,
			);
			name = ipfwPane;
			sourceTree = "<group>";
		};
		089C1671FE841209C02AAC07 /* Frameworks and Libraries */ = {
			isa = PBXGroup;
			children = (
				E58EA5920E913718000FBD79 /* Security.framework */,
				E5E02EA80E856935003663D0 /* SecurityInterface.framework */,
				1058C7ACFEA557BF11CA2CBB /* Linked Frameworks */,
				1058C7AEFEA557BF11CA2CBB /* Other Frameworks */,
			);
			name = "Frameworks and Libraries";
			sourceTree = "<group>";
		};
		089C167CFE841241C02AAC07 /* Resources */ = {
			isa = PBXGroup;
			children = (
				E531F5630E9629EF0025A206 /* InfoPlist.strings */,
				E531F5650E9629EF0025A206 /* ipfwPanePref.xib */,
				E531F4ED0E94CE340025A206 /* Info.plist */,
				E531F4E40E94CDFA0025A206 /* DefaultRules.plist */,
				E531F4E50E94CDFA0025A206 /* ipfwPanePref.png */,
			);
			name = Resources;
			sourceTree = "<group>";
		};
		1058C7ACFEA557BF11CA2CBB /* Linked Frameworks */ = {
			isa = PBXGroup;
			children = (
				1058C7ADFEA557BF11CA2CBB /* Cocoa.framework */,
				F506C035013D953901CA16C8 /* PreferencePanes.framework */,
			);
			name = "Linked Frameworks";
			sourceTree = "<group>";
		};
		1058C7AEFEA557BF11CA2CBB /* Other Frameworks */ = {
			isa = PBXGroup;
			children = (
				089C1672FE841209C02AAC07 /* Foundation.framework */,
				089C167FFE841241C02AAC07 /* AppKit.framework */,
			);
			name = "Other Frameworks";
			sourceTree = "<group>";
		};
		19C28FB8FE9D52D311CA2CBB /* Products */ = {
			isa = PBXGroup;
			children = (
				8D202CF80486D31800D8A456 /* ipfwPane.prefPane */,
			);
			name = Products;
			sourceTree = "<group>";
		};
		32DBCFA10370C40200C91783 /* Source */ = {
			isa = PBXGroup;
			children = (
				E531F64A0E96D4F70025A206 /* FWConfigHandler.h */,
				E531F64B0E96D4F70025A206 /* FWConfigHandler.mm */,
				E531F5870E962F270025A206 /* FWRootRunner.h */,
				E531F5880E962F270025A206 /* FWRootRunner.m */,
				E58EA6A80E923A69000FBD79 /* DebugFU.h */,
				E58EA6A90E923A69000FBD79 /* FWipfwModel.h */,
				E58EA6AA0E923A69000FBD79 /* FWipfwModel.mm */,
				E58EA6AB0E923A69000FBD79 /* FWPrefPane.h */,
				E58EA6AC0E923A69000FBD79 /* FWPrefPane.m */,
				E58EA6AD0E923A69000FBD79 /* FWRule.h */,
				E58EA6AE0E923A69000FBD79 /* FWRule.m */,
				E58EA6AF0E923A69000FBD79 /* FWSheetController.h */,
				E58EA6B00E923A69000FBD79 /* FWSheetController.m */,
				E58EA6B10E923A69000FBD79 /* FWTableController.h */,
				E58EA6B20E923A69000FBD79 /* FWTableController.m */,
				E58EA6B30E923A69000FBD79 /* ipfwPane_Prefix.pch */,
			);
			name = Source;
			sourceTree = "<group>";
		};
/* End PBXGroup section */

/* Begin PBXHeadersBuildPhase section */
		8D202CE90486D31800D8A456 /* Headers */ = {
			isa = PBXHeadersBuildPhase;
			buildActionMask = 2147483647;
			files = (
				E58EA6B40E923A69000FBD79 /* DebugFU.h in Headers */,
				E58EA6B50E923A69000FBD79 /* FWipfwModel.h in Headers */,
				E58EA6B70E923A69000FBD79 /* FWPrefPane.h in Headers */,
				E58EA6B90E923A69000FBD79 /* FWRule.h in Headers */,
				E58EA6BB0E923A69000FBD79 /* FWSheetController.h in Headers */,
				E58EA6BD0E923A69000FBD79 /* FWTableController.h in Headers */,
				E58EA6BF0E923A69000FBD79 /* ipfwPane_Prefix.pch in Headers */,
				E531F5890E962F270025A206 /* FWRootRunner.h in Headers */,
				E531F64C0E96D4F70025A206 /* FWConfigHandler.h in Headers */,
			);
			runOnlyForDeploymentPostprocessing = 0;
		};
/* End PBXHeadersBuildPhase section */

/* Begin PBXNativeTarget section */
		8D202CE80486D31800D8A456 /* ipfwPane */ = {
			isa = PBXNativeTarget;
			buildConfigurationList = 1DBD214808BA80EA00186707 /* Build configuration list for PBXNativeTarget "ipfwPane" */;
			buildPhases = (
				E531F4570E940B8D0025A206 /* Generate FWLaunchDaemon.h */,
				E58EA3B70E8F0CC2000FBD79 /* Generate Info.plist */,
				8D202CE90486D31800D8A456 /* Headers */,
				8D202CEC0486D31800D8A456 /* Resources */,
				8D202CF00486D31800D8A456 /* Sources */,
				8D202CF20486D31800D8A456 /* Frameworks */,
				8D202CF50486D31800D8A456 /* Rez */,
			);
			buildRules = (
			);
			dependencies = (
			);
			name = ipfwPane;
			productInstallPath = "$(HOME)/Library/PreferencePanes";
			productName = ipfwPane;
			productReference = 8D202CF80486D31800D8A456 /* ipfwPane.prefPane */;
			productType = "com.apple.product-type.bundle";
		};
/* End PBXNativeTarget section */

/* Begin PBXProject section */
		089C1669FE841209C02AAC07 /* Project object */ = {
			isa = PBXProject;
			attributes = {
				BuildIndependentTargetsInParallel = YES;
			};
			buildConfigurationList = 1DBD214C08BA80EA00186707 /* Build configuration list for PBXProject "ipfwPane" */;
			compatibilityVersion = "Xcode 3.1";
			hasScannedForEncodings = 1;
			mainGroup = 089C166AFE841209C02AAC07 /* ipfwPane */;
			projectDirPath = "";
			projectRoot = "";
			targets = (
				8D202CE80486D31800D8A456 /* ipfwPane */,
			);
		};
/* End PBXProject section */

/* Begin PBXResourcesBuildPhase section */
		8D202CEC0486D31800D8A456 /* Resources */ = {
			isa = PBXResourcesBuildPhase;
			buildActionMask = 2147483647;
			files = (
				E531F4E60E94CDFA0025A206 /* DefaultRules.plist in Resources */,
				E531F4E70E94CDFA0025A206 /* ipfwPanePref.png in Resources */,
				E531F5670E9629EF0025A206 /* InfoPlist.strings in Resources */,
				E531F5680E9629EF0025A206 /* ipfwPanePref.xib in Resources */,
			);
			runOnlyForDeploymentPostprocessing = 0;
		};
/* End PBXResourcesBuildPhase section */

/* Begin PBXRezBuildPhase section */
		8D202CF50486D31800D8A456 /* Rez */ = {
			isa = PBXRezBuildPhase;
			buildActionMask = 2147483647;
			files = (
			);
			runOnlyForDeploymentPostprocessing = 0;
		};
/* End PBXRezBuildPhase section */

/* Begin PBXShellScriptBuildPhase section */
		E531F4570E940B8D0025A206 /* Generate FWLaunchDaemon.h */ = {
			isa = PBXShellScriptBuildPhase;
			buildActionMask = 2147483647;
			files = (
			);
			inputPaths = (
			);
			name = "Generate FWLaunchDaemon.h";
			outputPaths = (
			);
			runOnlyForDeploymentPostprocessing = 0;
			shellPath = /bin/sh;
			shellScript = "ruby generate_fw_launch_daemon_h.rb > Source/FWLaunchDaemon.h\n";
		};
		E58EA3B70E8F0CC2000FBD79 /* Generate Info.plist */ = {
			isa = PBXShellScriptBuildPhase;
			buildActionMask = 2147483647;
			files = (
			);
			inputPaths = (
			);
			name = "Generate Info.plist";
			outputPaths = (
			);
			runOnlyForDeploymentPostprocessing = 0;
			shellPath = /bin/sh;
			shellScript = "# Delete the 'target plist'\nrm -f $INFOPLIST_PATH\n\n# Generate a new plist\nruby generate_info_plist.rb > Resources/Info.plist\n";
		};
/* End PBXShellScriptBuildPhase section */

/* Begin PBXSourcesBuildPhase section */
		8D202CF00486D31800D8A456 /* Sources */ = {
			isa = PBXSourcesBuildPhase;
			buildActionMask = 2147483647;
			files = (
				E58EA6B60E923A69000FBD79 /* FWipfwModel.mm in Sources */,
				E58EA6B80E923A69000FBD79 /* FWPrefPane.m in Sources */,
				E58EA6BA0E923A69000FBD79 /* FWRule.m in Sources */,
				E58EA6BC0E923A69000FBD79 /* FWSheetController.m in Sources */,
				E58EA6BE0E923A69000FBD79 /* FWTableController.m in Sources */,
				E531F58A0E962F270025A206 /* FWRootRunner.m in Sources */,
				E531F64D0E96D4F70025A206 /* FWConfigHandler.mm in Sources */,
			);
			runOnlyForDeploymentPostprocessing = 0;
		};
/* End PBXSourcesBuildPhase section */

/* Begin PBXVariantGroup section */
		E531F5630E9629EF0025A206 /* InfoPlist.strings */ = {
			isa = PBXVariantGroup;
			children = (
				E531F5640E9629EF0025A206 /* English */,
			);
			name = InfoPlist.strings;
			sourceTree = SOURCE_ROOT;
		};
		E531F5650E9629EF0025A206 /* ipfwPanePref.xib */ = {
			isa = PBXVariantGroup;
			children = (
				E531F5660E9629EF0025A206 /* English */,
			);
			name = ipfwPanePref.xib;
			sourceTree = SOURCE_ROOT;
		};
/* End PBXVariantGroup section */

/* Begin XCBuildConfiguration section */
		1DBD214908BA80EA00186707 /* Debug */ = {
			isa = XCBuildConfiguration;
			buildSettings = {
				COPY_PHASE_STRIP = NO;
				GCC_DYNAMIC_NO_PIC = NO;
				GCC_ENABLE_FIX_AND_CONTINUE = YES;
				GCC_MODEL_TUNING = G5;
				GCC_OPTIMIZATION_LEVEL = 0;
				GCC_PRECOMPILE_PREFIX_HEADER = YES;
				GCC_PREFIX_HEADER = Source/ipfwPane_Prefix.pch;
				INFOPLIST_FILE = Resources/Info.plist;
				INSTALL_PATH = "$(HOME)/Library/PreferencePanes";
				PRODUCT_NAME = ipfwPane;
				WRAPPER_EXTENSION = prefPane;
				ZERO_LINK = YES;
			};
			name = Debug;
		};
		1DBD214A08BA80EA00186707 /* Release */ = {
			isa = XCBuildConfiguration;
			buildSettings = {
				DEBUG_INFORMATION_FORMAT = "dwarf-with-dsym";
				GCC_MODEL_TUNING = G5;
				GCC_PRECOMPILE_PREFIX_HEADER = YES;
				GCC_PREFIX_HEADER = Source/ipfwPane_Prefix.pch;
				INFOPLIST_FILE = Resources/Info.plist;
				INSTALL_PATH = "$(HOME)/Library/PreferencePanes";
				PRODUCT_NAME = ipfwPane;
				WRAPPER_EXTENSION = prefPane;
			};
			name = Release;
		};
		1DBD214D08BA80EA00186707 /* Debug */ = {
			isa = XCBuildConfiguration;
			buildSettings = {
				ARCHS = "$(ARCHS_STANDARD_32_BIT)";
				GCC_C_LANGUAGE_STANDARD = c99;
				GCC_WARN_ABOUT_RETURN_TYPE = YES;
				GCC_WARN_UNUSED_VARIABLE = YES;
				ONLY_ACTIVE_ARCH = YES;
				OTHER_CFLAGS = "-DDEBUG";
				PREBINDING = NO;
				SDKROOT = macosx10.5;
				WARNING_CFLAGS = "-Wall";
			};
			name = Debug;
		};
		1DBD214E08BA80EA00186707 /* Release */ = {
			isa = XCBuildConfiguration;
			buildSettings = {
				ARCHS = "$(ARCHS_STANDARD_32_BIT)";
				GCC_C_LANGUAGE_STANDARD = c99;
				GCC_WARN_ABOUT_RETURN_TYPE = YES;
				GCC_WARN_UNUSED_VARIABLE = YES;
				PREBINDING = NO;
				SDKROOT = macosx10.5;
				WARNING_CFLAGS = "-Wall";
			};
			name = Release;
		};
/* End XCBuildConfiguration section */

/* Begin XCConfigurationList section */
		1DBD214808BA80EA00186707 /* Build configuration list for PBXNativeTarget "ipfwPane" */ = {
			isa = XCConfigurationList;
			buildConfigurations = (
				1DBD214908BA80EA00186707 /* Debug */,
				1DBD214A08BA80EA00186707 /* Release */,
			);
			defaultConfigurationIsVisible = 0;
			defaultConfigurationName = Release;
		};
		1DBD214C08BA80EA00186707 /* Build configuration list for PBXProject "ipfwPane" */ = {
			isa = XCConfigurationList;
			buildConfigurations = (
				1DBD214D08BA80EA00186707 /* Debug */,
				1DBD214E08BA80EA00186707 /* Release */,
			);
			defaultConfigurationIsVisible = 0;
			defaultConfigurationName = Release;
		};
/* End XCConfigurationList section */
	};
	rootObject = 089C1669FE841209C02AAC07 /* Project object */;
}
